// !$*UTF8*$!
{
	archiveVersion = 1;
	classes = {
	};
	objectVersion = 56;
	objects = {

/* Begin PBXBuildFile section */
		BB0E1C332B4448900031DA09 /* EssentialFeediOS.framework in Frameworks */ = {isa = PBXBuildFile; fileRef = BB0E1C2B2B44488F0031DA09 /* EssentialFeediOS.framework */; };
		BB0E1C382B4448910031DA09 /* FeedViewControllerTests.swift in Sources */ = {isa = PBXBuildFile; fileRef = BB0E1C372B4448910031DA09 /* FeedViewControllerTests.swift */; };
		BB0E1C392B4448910031DA09 /* EssentialFeediOS.h in Headers */ = {isa = PBXBuildFile; fileRef = BB0E1C2D2B4448900031DA09 /* EssentialFeediOS.h */; settings = {ATTRIBUTES = (Public, ); }; };
		BB0F2BD72B47458100EF301F /* UIView+Shimmering.swift in Sources */ = {isa = PBXBuildFile; fileRef = BB0F2BD62B47458100EF301F /* UIView+Shimmering.swift */; };
		BB17686F2B49A03600FEDA3F /* FeedImageDataLoader.swift in Sources */ = {isa = PBXBuildFile; fileRef = BB17686E2B49A03600FEDA3F /* FeedImageDataLoader.swift */; };
		BB1768792B49A14700FEDA3F /* UIKit+Simulations.swift in Sources */ = {isa = PBXBuildFile; fileRef = BB1768782B49A14700FEDA3F /* UIKit+Simulations.swift */; };
		BB17687B2B49A23000FEDA3F /* UIImage+Make.swift in Sources */ = {isa = PBXBuildFile; fileRef = BB17687A2B49A23000FEDA3F /* UIImage+Make.swift */; };
		BB17687E2B49A45400FEDA3F /* FeedViewController+Extensions.swift in Sources */ = {isa = PBXBuildFile; fileRef = BB17687D2B49A45400FEDA3F /* FeedViewController+Extensions.swift */; };
		BB1768802B49A47F00FEDA3F /* FeedImageCell+Extensions.swift in Sources */ = {isa = PBXBuildFile; fileRef = BB17687F2B49A47F00FEDA3F /* FeedImageCell+Extensions.swift */; };
		BB1768822B49A56500FEDA3F /* FeedViewControllerTests+LoaderSpy.swift in Sources */ = {isa = PBXBuildFile; fileRef = BB1768812B49A56500FEDA3F /* FeedViewControllerTests+LoaderSpy.swift */; };
		BB1768842B49A60D00FEDA3F /* FeedViewControllerTests+CustomAssertions.swift in Sources */ = {isa = PBXBuildFile; fileRef = BB1768832B49A60D00FEDA3F /* FeedViewControllerTests+CustomAssertions.swift */; };
		BB1768862B49C26400FEDA3F /* FeedRefreshViewController.swift in Sources */ = {isa = PBXBuildFile; fileRef = BB1768852B49C26400FEDA3F /* FeedRefreshViewController.swift */; };
		BB1768882B49C53A00FEDA3F /* FeedImageCellController.swift in Sources */ = {isa = PBXBuildFile; fileRef = BB1768872B49C53A00FEDA3F /* FeedImageCellController.swift */; };
		BB17688B2B49D10D00FEDA3F /* FeedUIComposer.swift in Sources */ = {isa = PBXBuildFile; fileRef = BB17688A2B49D10D00FEDA3F /* FeedUIComposer.swift */; };
		BB17688E2B4AE30700FEDA3F /* FeedViewModel.swift in Sources */ = {isa = PBXBuildFile; fileRef = BB17688D2B4AE30700FEDA3F /* FeedViewModel.swift */; };
		BB1ADD5B2B40A79F00D67CD9 /* NSEntityDescription+Assertions.swift in Sources */ = {isa = PBXBuildFile; fileRef = BB1ADD5A2B40A79F00D67CD9 /* NSEntityDescription+Assertions.swift */; };
		BB24A14B2B321B5F00251E48 /* LocalFeedLoader.swift in Sources */ = {isa = PBXBuildFile; fileRef = BB24A14A2B321B5F00251E48 /* LocalFeedLoader.swift */; };
		BB24A14D2B321C0A00251E48 /* FeedStore.swift in Sources */ = {isa = PBXBuildFile; fileRef = BB24A14C2B321C0A00251E48 /* FeedStore.swift */; };
		BB24A14F2B32243500251E48 /* LocalFeedImage.swift in Sources */ = {isa = PBXBuildFile; fileRef = BB24A14E2B32243500251E48 /* LocalFeedImage.swift */; };
		BB24A1512B322A3E00251E48 /* RemoteFeedItem.swift in Sources */ = {isa = PBXBuildFile; fileRef = BB24A1502B322A3E00251E48 /* RemoteFeedItem.swift */; };
		BB2849F82B2E19E000E0CBD7 /* .swiftlint.yml in Resources */ = {isa = PBXBuildFile; fileRef = BB2849F72B2E19E000E0CBD7 /* .swiftlint.yml */; };
		BB2849F92B2E19E000E0CBD7 /* .swiftlint.yml in Resources */ = {isa = PBXBuildFile; fileRef = BB2849F72B2E19E000E0CBD7 /* .swiftlint.yml */; };
		BB2849FE2B2E1EA400E0CBD7 /* URLSessionHTTPClientTests.swift in Sources */ = {isa = PBXBuildFile; fileRef = BB2849FD2B2E1EA400E0CBD7 /* URLSessionHTTPClientTests.swift */; };
		BB284A022B2E491D00E0CBD7 /* XCTestCase+MemoryLeakTracking.swift in Sources */ = {isa = PBXBuildFile; fileRef = BB284A002B2E491D00E0CBD7 /* XCTestCase+MemoryLeakTracking.swift */; };
		BB284A052B2E4D7C00E0CBD7 /* XCTestCase+ErrorComparison.swift in Sources */ = {isa = PBXBuildFile; fileRef = BB284A032B2E4D7C00E0CBD7 /* XCTestCase+ErrorComparison.swift */; };
		BB284A072B2E608500E0CBD7 /* URLSessionHTTPClient.swift in Sources */ = {isa = PBXBuildFile; fileRef = BB284A062B2E608500E0CBD7 /* URLSessionHTTPClient.swift */; };
		BB4A9D562B2F269A0049D178 /* EssentialFeedAPIEndToEndTests.swift in Sources */ = {isa = PBXBuildFile; fileRef = BB4A9D552B2F269A0049D178 /* EssentialFeedAPIEndToEndTests.swift */; };
		BB4A9D572B2F269A0049D178 /* EssentialFeed.framework in Frameworks */ = {isa = PBXBuildFile; fileRef = BB5CA5DD2B28EA7900AF0D66 /* EssentialFeed.framework */; };
		BB4A9D5D2B2F2BAB0049D178 /* XCTestCase+MemoryLeakTracking.swift in Sources */ = {isa = PBXBuildFile; fileRef = BB284A002B2E491D00E0CBD7 /* XCTestCase+MemoryLeakTracking.swift */; };
		BB4A9D5E2B2F2BAD0049D178 /* XCTestCase+ErrorComparison.swift in Sources */ = {isa = PBXBuildFile; fileRef = BB284A032B2E4D7C00E0CBD7 /* XCTestCase+ErrorComparison.swift */; };
		BB4A9D6D2B30BFEF0049D178 /* CacheFeedUseCaseTests.swift in Sources */ = {isa = PBXBuildFile; fileRef = BB4A9D6C2B30BFEF0049D178 /* CacheFeedUseCaseTests.swift */; };
		BB5443652B34B88700705CF2 /* ValidateFeedCacheUseCaseTests.swift in Sources */ = {isa = PBXBuildFile; fileRef = BB5443642B34B88700705CF2 /* ValidateFeedCacheUseCaseTests.swift */; };
		BB5443672B34BE4500705CF2 /* FeedCacheTestHelpers.swift in Sources */ = {isa = PBXBuildFile; fileRef = BB5443662B34BE4500705CF2 /* FeedCacheTestHelpers.swift */; };
		BB5443692B34BFC800705CF2 /* SharedTestHelpers.swift in Sources */ = {isa = PBXBuildFile; fileRef = BB5443682B34BFC800705CF2 /* SharedTestHelpers.swift */; };
		BB5CA5E62B28EA7900AF0D66 /* EssentialFeed.framework in Frameworks */ = {isa = PBXBuildFile; fileRef = BB5CA5DD2B28EA7900AF0D66 /* EssentialFeed.framework */; };
		BB5CA5EB2B28EA7900AF0D66 /* LoadFeedFromRemoteUseCaseTests.swift in Sources */ = {isa = PBXBuildFile; fileRef = BB5CA5EA2B28EA7900AF0D66 /* LoadFeedFromRemoteUseCaseTests.swift */; };
		BB5CA5EC2B28EA7900AF0D66 /* EssentialFeed.h in Headers */ = {isa = PBXBuildFile; fileRef = BB5CA5E02B28EA7900AF0D66 /* EssentialFeed.h */; settings = {ATTRIBUTES = (Public, ); }; };
		BB5CA5F72B28F41400AF0D66 /* FeedImage.swift in Sources */ = {isa = PBXBuildFile; fileRef = BB5CA5F62B28F41400AF0D66 /* FeedImage.swift */; };
		BB5CA5F92B28F44100AF0D66 /* FeedLoader.swift in Sources */ = {isa = PBXBuildFile; fileRef = BB5CA5F82B28F44100AF0D66 /* FeedLoader.swift */; };
		BB7DFFAC2B399C0F000B1293 /* XCTestCase+FailableRetrieveFeedStoreSpecs.swift in Sources */ = {isa = PBXBuildFile; fileRef = BB7DFFAB2B399C0F000B1293 /* XCTestCase+FailableRetrieveFeedStoreSpecs.swift */; };
		BB7DFFAE2B399D75000B1293 /* XCTestCase+FailableInsertFeedStoreSpecs.swift in Sources */ = {isa = PBXBuildFile; fileRef = BB7DFFAD2B399D75000B1293 /* XCTestCase+FailableInsertFeedStoreSpecs.swift */; };
		BB7DFFB02B399E9B000B1293 /* XCTestCase+FailableDeleteFeedStoreSpecs.swift in Sources */ = {isa = PBXBuildFile; fileRef = BB7DFFAF2B399E9B000B1293 /* XCTestCase+FailableDeleteFeedStoreSpecs.swift */; };
		BB7DFFB32B39A04D000B1293 /* CoreDataFeedStoreTests.swift in Sources */ = {isa = PBXBuildFile; fileRef = BB7DFFB22B39A04D000B1293 /* CoreDataFeedStoreTests.swift */; };
		BB7DFFB52B39A0E6000B1293 /* CoreDataFeedStore.swift in Sources */ = {isa = PBXBuildFile; fileRef = BB7DFFB42B39A0E6000B1293 /* CoreDataFeedStore.swift */; };
		BB7DFFB82B39AADA000B1293 /* FeedStore.xcdatamodeld in Sources */ = {isa = PBXBuildFile; fileRef = BB7DFFB62B39AADA000B1293 /* FeedStore.xcdatamodeld */; };
		BB7DFFBD2B39C812000B1293 /* CoreDataHelpers.swift in Sources */ = {isa = PBXBuildFile; fileRef = BB7DFFBC2B39C812000B1293 /* CoreDataHelpers.swift */; };
		BB7DFFBF2B39C8C1000B1293 /* ManagedFeedImage.swift in Sources */ = {isa = PBXBuildFile; fileRef = BB7DFFBE2B39C8C1000B1293 /* ManagedFeedImage.swift */; };
		BB7DFFC12B39C8F6000B1293 /* ManagedCache.swift in Sources */ = {isa = PBXBuildFile; fileRef = BB7DFFC02B39C8F6000B1293 /* ManagedCache.swift */; };
		BB7DFFC92B3A0196000B1293 /* EssentialFeedCacheIntegrationTests.swift in Sources */ = {isa = PBXBuildFile; fileRef = BB7DFFC82B3A0196000B1293 /* EssentialFeedCacheIntegrationTests.swift */; };
		BB7DFFCA2B3A0196000B1293 /* EssentialFeed.framework in Frameworks */ = {isa = PBXBuildFile; fileRef = BB5CA5DD2B28EA7900AF0D66 /* EssentialFeed.framework */; };
		BB7DFFD12B3A0450000B1293 /* XCTestCase+MemoryLeakTracking.swift in Sources */ = {isa = PBXBuildFile; fileRef = BB284A002B2E491D00E0CBD7 /* XCTestCase+MemoryLeakTracking.swift */; };
		BB7DFFD22B3A079E000B1293 /* FeedCacheTestHelpers.swift in Sources */ = {isa = PBXBuildFile; fileRef = BB5443662B34BE4500705CF2 /* FeedCacheTestHelpers.swift */; };
		BB7DFFD32B3A08BB000B1293 /* SharedTestHelpers.swift in Sources */ = {isa = PBXBuildFile; fileRef = BB5443682B34BFC800705CF2 /* SharedTestHelpers.swift */; };
		BB7F39232B2CE84400BB37BE /* HTTPClient.swift in Sources */ = {isa = PBXBuildFile; fileRef = BB7F39222B2CE84400BB37BE /* HTTPClient.swift */; };
		BB7F39252B2CE8BE00BB37BE /* FeedItemsMapper.swift in Sources */ = {isa = PBXBuildFile; fileRef = BB7F39242B2CE8BE00BB37BE /* FeedItemsMapper.swift */; };
		BBBF169A2B3607FC006275E0 /* FeedCachePrivacy.swift in Sources */ = {isa = PBXBuildFile; fileRef = BBBF16992B3607FC006275E0 /* FeedCachePrivacy.swift */; };
		BBBF16A02B38AD53006275E0 /* FeedStoreSpecs.swift in Sources */ = {isa = PBXBuildFile; fileRef = BBBF169F2B38AD53006275E0 /* FeedStoreSpecs.swift */; };
		BBBF16A22B38ADF0006275E0 /* XCTestCase+FeedStoreSpecs.swift in Sources */ = {isa = PBXBuildFile; fileRef = BBBF16A12B38ADF0006275E0 /* XCTestCase+FeedStoreSpecs.swift */; };
		BBC5FB322B44630D000A8612 /* XCTestCase+MemoryLeakTracking.swift in Sources */ = {isa = PBXBuildFile; fileRef = BB284A002B2E491D00E0CBD7 /* XCTestCase+MemoryLeakTracking.swift */; };
		BBC5FB342B447537000A8612 /* EssentialFeed.framework in Frameworks */ = {isa = PBXBuildFile; fileRef = BB5CA5DD2B28EA7900AF0D66 /* EssentialFeed.framework */; platformFilter = ios; };
		BBC5FB352B447537000A8612 /* EssentialFeed.framework in Embed Frameworks */ = {isa = PBXBuildFile; fileRef = BB5CA5DD2B28EA7900AF0D66 /* EssentialFeed.framework */; platformFilter = ios; settings = {ATTRIBUTES = (CodeSignOnCopy, RemoveHeadersOnCopy, ); }; };
		BBC5FB3A2B4488D2000A8612 /* FeedViewController.swift in Sources */ = {isa = PBXBuildFile; fileRef = BBC5FB392B4488D2000A8612 /* FeedViewController.swift */; };
		BBC900292B45DF5400E441FF /* SharedTestHelpers.swift in Sources */ = {isa = PBXBuildFile; fileRef = BB5443682B34BFC800705CF2 /* SharedTestHelpers.swift */; };
		BBC9002B2B45E23900E441FF /* FeedImageCell.swift in Sources */ = {isa = PBXBuildFile; fileRef = BBC9002A2B45E23900E441FF /* FeedImageCell.swift */; };
		BBE21D072B2A2FB700552177 /* RemoteFeedLoader.swift in Sources */ = {isa = PBXBuildFile; fileRef = BBE21D062B2A2FB700552177 /* RemoteFeedLoader.swift */; };
		BBF422262B335AFF00CBC959 /* LoadFeedFromCacheUseCaseTests.swift in Sources */ = {isa = PBXBuildFile; fileRef = BBF422252B335AFF00CBC959 /* LoadFeedFromCacheUseCaseTests.swift */; };
		BBF422282B335CCB00CBC959 /* FeedStoreSpy.swift in Sources */ = {isa = PBXBuildFile; fileRef = BBF422272B335CCB00CBC959 /* FeedStoreSpy.swift */; };
/* End PBXBuildFile section */

/* Begin PBXContainerItemProxy section */
		BB0E1C342B4448900031DA09 /* PBXContainerItemProxy */ = {
			isa = PBXContainerItemProxy;
			containerPortal = BB5CA5D42B28EA7900AF0D66 /* Project object */;
			proxyType = 1;
			remoteGlobalIDString = BB0E1C2A2B44488F0031DA09;
			remoteInfo = EssentialFeediOS;
		};
		BB4A9D582B2F269A0049D178 /* PBXContainerItemProxy */ = {
			isa = PBXContainerItemProxy;
			containerPortal = BB5CA5D42B28EA7900AF0D66 /* Project object */;
			proxyType = 1;
			remoteGlobalIDString = BB5CA5DC2B28EA7900AF0D66;
			remoteInfo = EssentialFeed;
		};
		BB5CA5E72B28EA7900AF0D66 /* PBXContainerItemProxy */ = {
			isa = PBXContainerItemProxy;
			containerPortal = BB5CA5D42B28EA7900AF0D66 /* Project object */;
			proxyType = 1;
			remoteGlobalIDString = BB5CA5DC2B28EA7900AF0D66;
			remoteInfo = EssentialFeed;
		};
		BB7DFFCB2B3A0196000B1293 /* PBXContainerItemProxy */ = {
			isa = PBXContainerItemProxy;
			containerPortal = BB5CA5D42B28EA7900AF0D66 /* Project object */;
			proxyType = 1;
			remoteGlobalIDString = BB5CA5DC2B28EA7900AF0D66;
			remoteInfo = EssentialFeed;
		};
		BBC5FB362B447537000A8612 /* PBXContainerItemProxy */ = {
			isa = PBXContainerItemProxy;
			containerPortal = BB5CA5D42B28EA7900AF0D66 /* Project object */;
			proxyType = 1;
			remoteGlobalIDString = BB5CA5DC2B28EA7900AF0D66;
			remoteInfo = EssentialFeed;
		};
/* End PBXContainerItemProxy section */

/* Begin PBXCopyFilesBuildPhase section */
		BBC5FB382B447537000A8612 /* Embed Frameworks */ = {
			isa = PBXCopyFilesBuildPhase;
			buildActionMask = 2147483647;
			dstPath = "";
			dstSubfolderSpec = 10;
			files = (
				BBC5FB352B447537000A8612 /* EssentialFeed.framework in Embed Frameworks */,
			);
			name = "Embed Frameworks";
			runOnlyForDeploymentPostprocessing = 0;
		};
/* End PBXCopyFilesBuildPhase section */

/* Begin PBXFileReference section */
		BB0E1C2B2B44488F0031DA09 /* EssentialFeediOS.framework */ = {isa = PBXFileReference; explicitFileType = wrapper.framework; includeInIndex = 0; path = EssentialFeediOS.framework; sourceTree = BUILT_PRODUCTS_DIR; };
		BB0E1C2D2B4448900031DA09 /* EssentialFeediOS.h */ = {isa = PBXFileReference; lastKnownFileType = sourcecode.c.h; path = EssentialFeediOS.h; sourceTree = "<group>"; };
		BB0E1C322B4448900031DA09 /* EssentialFeediOSTests.xctest */ = {isa = PBXFileReference; explicitFileType = wrapper.cfbundle; includeInIndex = 0; path = EssentialFeediOSTests.xctest; sourceTree = BUILT_PRODUCTS_DIR; };
		BB0E1C372B4448910031DA09 /* FeedViewControllerTests.swift */ = {isa = PBXFileReference; lastKnownFileType = sourcecode.swift; path = FeedViewControllerTests.swift; sourceTree = "<group>"; };
		BB0E1C402B4449140031DA09 /* EssentialFeediOS.xctestplan */ = {isa = PBXFileReference; lastKnownFileType = text; path = EssentialFeediOS.xctestplan; sourceTree = "<group>"; };
		BB0E1C412B444E520031DA09 /* EssentialFeediOSEndToEnd.xctestplan */ = {isa = PBXFileReference; lastKnownFileType = text; path = EssentialFeediOSEndToEnd.xctestplan; sourceTree = "<group>"; };
		BB0F2BD62B47458100EF301F /* UIView+Shimmering.swift */ = {isa = PBXFileReference; lastKnownFileType = sourcecode.swift; path = "UIView+Shimmering.swift"; sourceTree = "<group>"; };
		BB17686E2B49A03600FEDA3F /* FeedImageDataLoader.swift */ = {isa = PBXFileReference; lastKnownFileType = sourcecode.swift; path = FeedImageDataLoader.swift; sourceTree = "<group>"; };
		BB1768782B49A14700FEDA3F /* UIKit+Simulations.swift */ = {isa = PBXFileReference; lastKnownFileType = sourcecode.swift; path = "UIKit+Simulations.swift"; sourceTree = "<group>"; };
		BB17687A2B49A23000FEDA3F /* UIImage+Make.swift */ = {isa = PBXFileReference; lastKnownFileType = sourcecode.swift; path = "UIImage+Make.swift"; sourceTree = "<group>"; };
		BB17687D2B49A45400FEDA3F /* FeedViewController+Extensions.swift */ = {isa = PBXFileReference; lastKnownFileType = sourcecode.swift; path = "FeedViewController+Extensions.swift"; sourceTree = "<group>"; };
		BB17687F2B49A47F00FEDA3F /* FeedImageCell+Extensions.swift */ = {isa = PBXFileReference; lastKnownFileType = sourcecode.swift; path = "FeedImageCell+Extensions.swift"; sourceTree = "<group>"; };
		BB1768812B49A56500FEDA3F /* FeedViewControllerTests+LoaderSpy.swift */ = {isa = PBXFileReference; lastKnownFileType = sourcecode.swift; path = "FeedViewControllerTests+LoaderSpy.swift"; sourceTree = "<group>"; };
		BB1768832B49A60D00FEDA3F /* FeedViewControllerTests+CustomAssertions.swift */ = {isa = PBXFileReference; lastKnownFileType = sourcecode.swift; path = "FeedViewControllerTests+CustomAssertions.swift"; sourceTree = "<group>"; };
		BB1768852B49C26400FEDA3F /* FeedRefreshViewController.swift */ = {isa = PBXFileReference; lastKnownFileType = sourcecode.swift; path = FeedRefreshViewController.swift; sourceTree = "<group>"; };
		BB1768872B49C53A00FEDA3F /* FeedImageCellController.swift */ = {isa = PBXFileReference; lastKnownFileType = sourcecode.swift; path = FeedImageCellController.swift; sourceTree = "<group>"; };
		BB17688A2B49D10D00FEDA3F /* FeedUIComposer.swift */ = {isa = PBXFileReference; lastKnownFileType = sourcecode.swift; path = FeedUIComposer.swift; sourceTree = "<group>"; };
		BB17688D2B4AE30700FEDA3F /* FeedViewModel.swift */ = {isa = PBXFileReference; lastKnownFileType = sourcecode.swift; path = FeedViewModel.swift; sourceTree = "<group>"; };
		BB1ADD5A2B40A79F00D67CD9 /* NSEntityDescription+Assertions.swift */ = {isa = PBXFileReference; lastKnownFileType = sourcecode.swift; path = "NSEntityDescription+Assertions.swift"; sourceTree = "<group>"; };
		BB24A14A2B321B5F00251E48 /* LocalFeedLoader.swift */ = {isa = PBXFileReference; lastKnownFileType = sourcecode.swift; path = LocalFeedLoader.swift; sourceTree = "<group>"; };
		BB24A14C2B321C0A00251E48 /* FeedStore.swift */ = {isa = PBXFileReference; lastKnownFileType = sourcecode.swift; path = FeedStore.swift; sourceTree = "<group>"; };
		BB24A14E2B32243500251E48 /* LocalFeedImage.swift */ = {isa = PBXFileReference; lastKnownFileType = sourcecode.swift; path = LocalFeedImage.swift; sourceTree = "<group>"; };
		BB24A1502B322A3E00251E48 /* RemoteFeedItem.swift */ = {isa = PBXFileReference; lastKnownFileType = sourcecode.swift; path = RemoteFeedItem.swift; sourceTree = "<group>"; };
		BB2849F72B2E19E000E0CBD7 /* .swiftlint.yml */ = {isa = PBXFileReference; lastKnownFileType = text.yaml; path = .swiftlint.yml; sourceTree = "<group>"; };
		BB2849FD2B2E1EA400E0CBD7 /* URLSessionHTTPClientTests.swift */ = {isa = PBXFileReference; lastKnownFileType = sourcecode.swift; path = URLSessionHTTPClientTests.swift; sourceTree = "<group>"; };
		BB284A002B2E491D00E0CBD7 /* XCTestCase+MemoryLeakTracking.swift */ = {isa = PBXFileReference; lastKnownFileType = sourcecode.swift; path = "XCTestCase+MemoryLeakTracking.swift"; sourceTree = "<group>"; };
		BB284A032B2E4D7C00E0CBD7 /* XCTestCase+ErrorComparison.swift */ = {isa = PBXFileReference; lastKnownFileType = sourcecode.swift; path = "XCTestCase+ErrorComparison.swift"; sourceTree = "<group>"; };
		BB284A062B2E608500E0CBD7 /* URLSessionHTTPClient.swift */ = {isa = PBXFileReference; lastKnownFileType = sourcecode.swift; path = URLSessionHTTPClient.swift; sourceTree = "<group>"; };
		BB4A9D532B2F269A0049D178 /* EssentialFeedAPIEndToEndTests.xctest */ = {isa = PBXFileReference; explicitFileType = wrapper.cfbundle; includeInIndex = 0; path = EssentialFeedAPIEndToEndTests.xctest; sourceTree = BUILT_PRODUCTS_DIR; };
		BB4A9D552B2F269A0049D178 /* EssentialFeedAPIEndToEndTests.swift */ = {isa = PBXFileReference; lastKnownFileType = sourcecode.swift; path = EssentialFeedAPIEndToEndTests.swift; sourceTree = "<group>"; };
		BB4A9D5F2B2F2CCD0049D178 /* EssentialFeedAPIEndToEnd.xctestplan */ = {isa = PBXFileReference; lastKnownFileType = text; path = EssentialFeedAPIEndToEnd.xctestplan; sourceTree = "<group>"; };
		BB4A9D6C2B30BFEF0049D178 /* CacheFeedUseCaseTests.swift */ = {isa = PBXFileReference; lastKnownFileType = sourcecode.swift; path = CacheFeedUseCaseTests.swift; sourceTree = "<group>"; };
		BB5443642B34B88700705CF2 /* ValidateFeedCacheUseCaseTests.swift */ = {isa = PBXFileReference; lastKnownFileType = sourcecode.swift; path = ValidateFeedCacheUseCaseTests.swift; sourceTree = "<group>"; };
		BB5443662B34BE4500705CF2 /* FeedCacheTestHelpers.swift */ = {isa = PBXFileReference; lastKnownFileType = sourcecode.swift; path = FeedCacheTestHelpers.swift; sourceTree = "<group>"; };
		BB5443682B34BFC800705CF2 /* SharedTestHelpers.swift */ = {isa = PBXFileReference; lastKnownFileType = sourcecode.swift; path = SharedTestHelpers.swift; sourceTree = "<group>"; };
		BB5CA5DD2B28EA7900AF0D66 /* EssentialFeed.framework */ = {isa = PBXFileReference; explicitFileType = wrapper.framework; includeInIndex = 0; path = EssentialFeed.framework; sourceTree = BUILT_PRODUCTS_DIR; };
		BB5CA5E02B28EA7900AF0D66 /* EssentialFeed.h */ = {isa = PBXFileReference; lastKnownFileType = sourcecode.c.h; path = EssentialFeed.h; sourceTree = "<group>"; };
		BB5CA5E52B28EA7900AF0D66 /* EssentialFeedTests.xctest */ = {isa = PBXFileReference; explicitFileType = wrapper.cfbundle; includeInIndex = 0; path = EssentialFeedTests.xctest; sourceTree = BUILT_PRODUCTS_DIR; };
		BB5CA5EA2B28EA7900AF0D66 /* LoadFeedFromRemoteUseCaseTests.swift */ = {isa = PBXFileReference; lastKnownFileType = sourcecode.swift; path = LoadFeedFromRemoteUseCaseTests.swift; sourceTree = "<group>"; };
		BB5CA5F62B28F41400AF0D66 /* FeedImage.swift */ = {isa = PBXFileReference; lastKnownFileType = sourcecode.swift; path = FeedImage.swift; sourceTree = "<group>"; };
		BB5CA5F82B28F44100AF0D66 /* FeedLoader.swift */ = {isa = PBXFileReference; lastKnownFileType = sourcecode.swift; path = FeedLoader.swift; sourceTree = "<group>"; };
		BB5CA6002B2909A500AF0D66 /* EssentialFeed.xctestplan */ = {isa = PBXFileReference; lastKnownFileType = text; path = EssentialFeed.xctestplan; sourceTree = "<group>"; };
		BB7DFFAB2B399C0F000B1293 /* XCTestCase+FailableRetrieveFeedStoreSpecs.swift */ = {isa = PBXFileReference; lastKnownFileType = sourcecode.swift; path = "XCTestCase+FailableRetrieveFeedStoreSpecs.swift"; sourceTree = "<group>"; };
		BB7DFFAD2B399D75000B1293 /* XCTestCase+FailableInsertFeedStoreSpecs.swift */ = {isa = PBXFileReference; lastKnownFileType = sourcecode.swift; path = "XCTestCase+FailableInsertFeedStoreSpecs.swift"; sourceTree = "<group>"; };
		BB7DFFAF2B399E9B000B1293 /* XCTestCase+FailableDeleteFeedStoreSpecs.swift */ = {isa = PBXFileReference; lastKnownFileType = sourcecode.swift; path = "XCTestCase+FailableDeleteFeedStoreSpecs.swift"; sourceTree = "<group>"; };
		BB7DFFB22B39A04D000B1293 /* CoreDataFeedStoreTests.swift */ = {isa = PBXFileReference; lastKnownFileType = sourcecode.swift; path = CoreDataFeedStoreTests.swift; sourceTree = "<group>"; };
		BB7DFFB42B39A0E6000B1293 /* CoreDataFeedStore.swift */ = {isa = PBXFileReference; lastKnownFileType = sourcecode.swift; path = CoreDataFeedStore.swift; sourceTree = "<group>"; };
		BB7DFFB72B39AADA000B1293 /* FeedStore.xcdatamodel */ = {isa = PBXFileReference; lastKnownFileType = wrapper.xcdatamodel; path = FeedStore.xcdatamodel; sourceTree = "<group>"; };
		BB7DFFBC2B39C812000B1293 /* CoreDataHelpers.swift */ = {isa = PBXFileReference; lastKnownFileType = sourcecode.swift; path = CoreDataHelpers.swift; sourceTree = "<group>"; };
		BB7DFFBE2B39C8C1000B1293 /* ManagedFeedImage.swift */ = {isa = PBXFileReference; lastKnownFileType = sourcecode.swift; path = ManagedFeedImage.swift; sourceTree = "<group>"; };
		BB7DFFC02B39C8F6000B1293 /* ManagedCache.swift */ = {isa = PBXFileReference; lastKnownFileType = sourcecode.swift; path = ManagedCache.swift; sourceTree = "<group>"; };
		BB7DFFC62B3A0196000B1293 /* EssentialFeedCacheIntegrationTests.xctest */ = {isa = PBXFileReference; explicitFileType = wrapper.cfbundle; includeInIndex = 0; path = EssentialFeedCacheIntegrationTests.xctest; sourceTree = BUILT_PRODUCTS_DIR; };
		BB7DFFC82B3A0196000B1293 /* EssentialFeedCacheIntegrationTests.swift */ = {isa = PBXFileReference; lastKnownFileType = sourcecode.swift; path = EssentialFeedCacheIntegrationTests.swift; sourceTree = "<group>"; };
		BB7DFFD02B3A01D1000B1293 /* EssentialFeedCacheIntegration.xctestplan */ = {isa = PBXFileReference; lastKnownFileType = text; path = EssentialFeedCacheIntegration.xctestplan; sourceTree = "<group>"; };
		BB7F39222B2CE84400BB37BE /* HTTPClient.swift */ = {isa = PBXFileReference; lastKnownFileType = sourcecode.swift; path = HTTPClient.swift; sourceTree = "<group>"; };
		BB7F39242B2CE8BE00BB37BE /* FeedItemsMapper.swift */ = {isa = PBXFileReference; lastKnownFileType = sourcecode.swift; path = FeedItemsMapper.swift; sourceTree = "<group>"; };
		BBBF16992B3607FC006275E0 /* FeedCachePrivacy.swift */ = {isa = PBXFileReference; lastKnownFileType = sourcecode.swift; path = FeedCachePrivacy.swift; sourceTree = "<group>"; };
		BBBF169F2B38AD53006275E0 /* FeedStoreSpecs.swift */ = {isa = PBXFileReference; lastKnownFileType = sourcecode.swift; path = FeedStoreSpecs.swift; sourceTree = "<group>"; };
		BBBF16A12B38ADF0006275E0 /* XCTestCase+FeedStoreSpecs.swift */ = {isa = PBXFileReference; lastKnownFileType = sourcecode.swift; path = "XCTestCase+FeedStoreSpecs.swift"; sourceTree = "<group>"; };
		BBC5FB392B4488D2000A8612 /* FeedViewController.swift */ = {isa = PBXFileReference; lastKnownFileType = sourcecode.swift; path = FeedViewController.swift; sourceTree = "<group>"; };
		BBC9002A2B45E23900E441FF /* FeedImageCell.swift */ = {isa = PBXFileReference; lastKnownFileType = sourcecode.swift; path = FeedImageCell.swift; sourceTree = "<group>"; };
		BBE21D062B2A2FB700552177 /* RemoteFeedLoader.swift */ = {isa = PBXFileReference; lastKnownFileType = sourcecode.swift; path = RemoteFeedLoader.swift; sourceTree = "<group>"; };
		BBF422252B335AFF00CBC959 /* LoadFeedFromCacheUseCaseTests.swift */ = {isa = PBXFileReference; lastKnownFileType = sourcecode.swift; path = LoadFeedFromCacheUseCaseTests.swift; sourceTree = "<group>"; };
		BBF422272B335CCB00CBC959 /* FeedStoreSpy.swift */ = {isa = PBXFileReference; lastKnownFileType = sourcecode.swift; path = FeedStoreSpy.swift; sourceTree = "<group>"; };
/* End PBXFileReference section */

/* Begin PBXFrameworksBuildPhase section */
		BB0E1C282B44488F0031DA09 /* Frameworks */ = {
			isa = PBXFrameworksBuildPhase;
			buildActionMask = 2147483647;
			files = (
				BBC5FB342B447537000A8612 /* EssentialFeed.framework in Frameworks */,
			);
			runOnlyForDeploymentPostprocessing = 0;
		};
		BB0E1C2F2B4448900031DA09 /* Frameworks */ = {
			isa = PBXFrameworksBuildPhase;
			buildActionMask = 2147483647;
			files = (
				BB0E1C332B4448900031DA09 /* EssentialFeediOS.framework in Frameworks */,
			);
			runOnlyForDeploymentPostprocessing = 0;
		};
		BB4A9D502B2F269A0049D178 /* Frameworks */ = {
			isa = PBXFrameworksBuildPhase;
			buildActionMask = 2147483647;
			files = (
				BB4A9D572B2F269A0049D178 /* EssentialFeed.framework in Frameworks */,
			);
			runOnlyForDeploymentPostprocessing = 0;
		};
		BB5CA5DA2B28EA7900AF0D66 /* Frameworks */ = {
			isa = PBXFrameworksBuildPhase;
			buildActionMask = 2147483647;
			files = (
			);
			runOnlyForDeploymentPostprocessing = 0;
		};
		BB5CA5E22B28EA7900AF0D66 /* Frameworks */ = {
			isa = PBXFrameworksBuildPhase;
			buildActionMask = 2147483647;
			files = (
				BB5CA5E62B28EA7900AF0D66 /* EssentialFeed.framework in Frameworks */,
			);
			runOnlyForDeploymentPostprocessing = 0;
		};
		BB7DFFC32B3A0196000B1293 /* Frameworks */ = {
			isa = PBXFrameworksBuildPhase;
			buildActionMask = 2147483647;
			files = (
				BB7DFFCA2B3A0196000B1293 /* EssentialFeed.framework in Frameworks */,
			);
			runOnlyForDeploymentPostprocessing = 0;
		};
/* End PBXFrameworksBuildPhase section */

/* Begin PBXGroup section */
		BB0E1C2C2B4448900031DA09 /* EssentialFeediOS */ = {
			isa = PBXGroup;
			children = (
				BB17686D2B49A01F00FEDA3F /* Feed Image Loader */,
				BB1768702B49A04000FEDA3F /* Feed UI */,
				BB0E1C2D2B4448900031DA09 /* EssentialFeediOS.h */,
			);
			path = EssentialFeediOS;
			sourceTree = "<group>";
		};
		BB0E1C362B4448910031DA09 /* EssentialFeediOSTests */ = {
			isa = PBXGroup;
			children = (
				BB17687C2B49A42F00FEDA3F /* Helpers */,
				BB1768732B49A07000FEDA3F /* Feed UI */,
			);
			path = EssentialFeediOSTests;
			sourceTree = "<group>";
		};
		BB17686D2B49A01F00FEDA3F /* Feed Image Loader */ = {
			isa = PBXGroup;
			children = (
				BB17686E2B49A03600FEDA3F /* FeedImageDataLoader.swift */,
			);
			path = "Feed Image Loader";
			sourceTree = "<group>";
		};
		BB1768702B49A04000FEDA3F /* Feed UI */ = {
			isa = PBXGroup;
			children = (
				BB1768892B49D10900FEDA3F /* Composers */,
				BB17688C2B4AE2FF00FEDA3F /* Models */,
				BB1768712B49A04800FEDA3F /* Controllers */,
				BB1768722B49A04D00FEDA3F /* Views */,
			);
			path = "Feed UI";
			sourceTree = "<group>";
		};
		BB1768712B49A04800FEDA3F /* Controllers */ = {
			isa = PBXGroup;
			children = (
				BBC5FB392B4488D2000A8612 /* FeedViewController.swift */,
				BB1768852B49C26400FEDA3F /* FeedRefreshViewController.swift */,
				BB1768872B49C53A00FEDA3F /* FeedImageCellController.swift */,
			);
			path = Controllers;
			sourceTree = "<group>";
		};
		BB1768722B49A04D00FEDA3F /* Views */ = {
			isa = PBXGroup;
			children = (
				BBC9002A2B45E23900E441FF /* FeedImageCell.swift */,
				BB0F2BD62B47458100EF301F /* UIView+Shimmering.swift */,
			);
			path = Views;
			sourceTree = "<group>";
		};
		BB1768732B49A07000FEDA3F /* Feed UI */ = {
			isa = PBXGroup;
			children = (
				BB1768752B49A08400FEDA3F /* Controllers */,
			);
			path = "Feed UI";
			sourceTree = "<group>";
		};
		BB1768752B49A08400FEDA3F /* Controllers */ = {
			isa = PBXGroup;
			children = (
				BB1768762B49A08900FEDA3F /* Helpers */,
				BB0E1C372B4448910031DA09 /* FeedViewControllerTests.swift */,
			);
			path = Controllers;
			sourceTree = "<group>";
		};
		BB1768762B49A08900FEDA3F /* Helpers */ = {
			isa = PBXGroup;
			children = (
				BB17687F2B49A47F00FEDA3F /* FeedImageCell+Extensions.swift */,
				BB17687D2B49A45400FEDA3F /* FeedViewController+Extensions.swift */,
				BB1768812B49A56500FEDA3F /* FeedViewControllerTests+LoaderSpy.swift */,
				BB1768832B49A60D00FEDA3F /* FeedViewControllerTests+CustomAssertions.swift */,
			);
			path = Helpers;
			sourceTree = "<group>";
		};
		BB17687C2B49A42F00FEDA3F /* Helpers */ = {
			isa = PBXGroup;
			children = (
				BB1768782B49A14700FEDA3F /* UIKit+Simulations.swift */,
				BB17687A2B49A23000FEDA3F /* UIImage+Make.swift */,
			);
			path = Helpers;
			sourceTree = "<group>";
		};
		BB1768892B49D10900FEDA3F /* Composers */ = {
			isa = PBXGroup;
			children = (
				BB17688A2B49D10D00FEDA3F /* FeedUIComposer.swift */,
			);
			path = Composers;
			sourceTree = "<group>";
		};
		BB17688C2B4AE2FF00FEDA3F /* Models */ = {
			isa = PBXGroup;
			children = (
				BB17688D2B4AE30700FEDA3F /* FeedViewModel.swift */,
			);
			path = Models;
			sourceTree = "<group>";
		};
		BB24A1492B321B4D00251E48 /* Feed Cache */ = {
			isa = PBXGroup;
			children = (
				BB7DFFB92B39C6AE000B1293 /* Infrastructure */,
				BB24A14C2B321C0A00251E48 /* FeedStore.swift */,
				BB24A14A2B321B5F00251E48 /* LocalFeedLoader.swift */,
				BB24A14E2B32243500251E48 /* LocalFeedImage.swift */,
				BBBF16992B3607FC006275E0 /* FeedCachePrivacy.swift */,
			);
			path = "Feed Cache";
			sourceTree = "<group>";
		};
		BB2849FF2B2E48EF00E0CBD7 /* Helpers */ = {
			isa = PBXGroup;
			children = (
				BB284A002B2E491D00E0CBD7 /* XCTestCase+MemoryLeakTracking.swift */,
				BB284A032B2E4D7C00E0CBD7 /* XCTestCase+ErrorComparison.swift */,
				BB5443682B34BFC800705CF2 /* SharedTestHelpers.swift */,
			);
			path = Helpers;
			sourceTree = "<group>";
		};
		BB4A9D542B2F269A0049D178 /* EssentialFeedAPIEndToEndTests */ = {
			isa = PBXGroup;
			children = (
				BB4A9D552B2F269A0049D178 /* EssentialFeedAPIEndToEndTests.swift */,
			);
			path = EssentialFeedAPIEndToEndTests;
			sourceTree = "<group>";
		};
		BB4A9D6B2B30BFC80049D178 /* Feed Cache */ = {
			isa = PBXGroup;
			children = (
				BBF422292B335CD100CBC959 /* Helpers */,
				BB7DFFB12B399F8C000B1293 /* FeedStoreSpecs */,
				BB4A9D6C2B30BFEF0049D178 /* CacheFeedUseCaseTests.swift */,
				BBF422252B335AFF00CBC959 /* LoadFeedFromCacheUseCaseTests.swift */,
				BB5443642B34B88700705CF2 /* ValidateFeedCacheUseCaseTests.swift */,
				BB7DFFB22B39A04D000B1293 /* CoreDataFeedStoreTests.swift */,
			);
			path = "Feed Cache";
			sourceTree = "<group>";
		};
		BB5CA5D32B28EA7900AF0D66 = {
			isa = PBXGroup;
			children = (
				BB2849F72B2E19E000E0CBD7 /* .swiftlint.yml */,
				BBC5FB292B4453B9000A8612 /* Test plans */,
				BB5CA5DF2B28EA7900AF0D66 /* EssentialFeed */,
				BB5CA5E92B28EA7900AF0D66 /* EssentialFeedTests */,
				BB4A9D542B2F269A0049D178 /* EssentialFeedAPIEndToEndTests */,
				BB7DFFC72B3A0196000B1293 /* EssentialFeedCacheIntegrationTests */,
				BB0E1C2C2B4448900031DA09 /* EssentialFeediOS */,
				BB0E1C362B4448910031DA09 /* EssentialFeediOSTests */,
				BB5CA5DE2B28EA7900AF0D66 /* Products */,
				BBC5FB332B447537000A8612 /* Frameworks */,
			);
			sourceTree = "<group>";
		};
		BB5CA5DE2B28EA7900AF0D66 /* Products */ = {
			isa = PBXGroup;
			children = (
				BB5CA5DD2B28EA7900AF0D66 /* EssentialFeed.framework */,
				BB5CA5E52B28EA7900AF0D66 /* EssentialFeedTests.xctest */,
				BB4A9D532B2F269A0049D178 /* EssentialFeedAPIEndToEndTests.xctest */,
				BB7DFFC62B3A0196000B1293 /* EssentialFeedCacheIntegrationTests.xctest */,
				BB0E1C2B2B44488F0031DA09 /* EssentialFeediOS.framework */,
				BB0E1C322B4448900031DA09 /* EssentialFeediOSTests.xctest */,
			);
			name = Products;
			sourceTree = "<group>";
		};
		BB5CA5DF2B28EA7900AF0D66 /* EssentialFeed */ = {
			isa = PBXGroup;
			children = (
				BB5CA5F52B28F3FD00AF0D66 /* Feed Feature */,
				BBE21D052B2A2FA800552177 /* Feed API */,
				BB24A1492B321B4D00251E48 /* Feed Cache */,
				BB5CA5E02B28EA7900AF0D66 /* EssentialFeed.h */,
			);
			path = EssentialFeed;
			sourceTree = "<group>";
		};
		BB5CA5E92B28EA7900AF0D66 /* EssentialFeedTests */ = {
			isa = PBXGroup;
			children = (
				BB2849FF2B2E48EF00E0CBD7 /* Helpers */,
				BB4A9D6B2B30BFC80049D178 /* Feed Cache */,
				BB7F39262B2CF19800BB37BE /* Feed API */,
			);
			path = EssentialFeedTests;
			sourceTree = "<group>";
		};
		BB5CA5F52B28F3FD00AF0D66 /* Feed Feature */ = {
			isa = PBXGroup;
			children = (
				BB5CA5F62B28F41400AF0D66 /* FeedImage.swift */,
				BB5CA5F82B28F44100AF0D66 /* FeedLoader.swift */,
			);
			path = "Feed Feature";
			sourceTree = "<group>";
		};
		BB7DFFB12B399F8C000B1293 /* FeedStoreSpecs */ = {
			isa = PBXGroup;
			children = (
				BBBF169F2B38AD53006275E0 /* FeedStoreSpecs.swift */,
				BBBF16A12B38ADF0006275E0 /* XCTestCase+FeedStoreSpecs.swift */,
				BB7DFFAB2B399C0F000B1293 /* XCTestCase+FailableRetrieveFeedStoreSpecs.swift */,
				BB7DFFAD2B399D75000B1293 /* XCTestCase+FailableInsertFeedStoreSpecs.swift */,
				BB7DFFAF2B399E9B000B1293 /* XCTestCase+FailableDeleteFeedStoreSpecs.swift */,
			);
			path = FeedStoreSpecs;
			sourceTree = "<group>";
		};
		BB7DFFB92B39C6AE000B1293 /* Infrastructure */ = {
			isa = PBXGroup;
			children = (
				BB7DFFBA2B39C6F8000B1293 /* CoreData */,
			);
			path = Infrastructure;
			sourceTree = "<group>";
		};
		BB7DFFBA2B39C6F8000B1293 /* CoreData */ = {
			isa = PBXGroup;
			children = (
				BB7DFFB42B39A0E6000B1293 /* CoreDataFeedStore.swift */,
				BB7DFFC02B39C8F6000B1293 /* ManagedCache.swift */,
				BB7DFFBC2B39C812000B1293 /* CoreDataHelpers.swift */,
				BB7DFFBE2B39C8C1000B1293 /* ManagedFeedImage.swift */,
				BB7DFFB62B39AADA000B1293 /* FeedStore.xcdatamodeld */,
			);
			path = CoreData;
			sourceTree = "<group>";
		};
		BB7DFFC72B3A0196000B1293 /* EssentialFeedCacheIntegrationTests */ = {
			isa = PBXGroup;
			children = (
				BB7DFFC82B3A0196000B1293 /* EssentialFeedCacheIntegrationTests.swift */,
			);
			path = EssentialFeedCacheIntegrationTests;
			sourceTree = "<group>";
		};
		BB7F39262B2CF19800BB37BE /* Feed API */ = {
			isa = PBXGroup;
			children = (
				BB5CA5EA2B28EA7900AF0D66 /* LoadFeedFromRemoteUseCaseTests.swift */,
				BB2849FD2B2E1EA400E0CBD7 /* URLSessionHTTPClientTests.swift */,
			);
			path = "Feed API";
			sourceTree = "<group>";
		};
		BBC5FB292B4453B9000A8612 /* Test plans */ = {
			isa = PBXGroup;
			children = (
				BB5CA6002B2909A500AF0D66 /* EssentialFeed.xctestplan */,
				BB4A9D5F2B2F2CCD0049D178 /* EssentialFeedAPIEndToEnd.xctestplan */,
				BB7DFFD02B3A01D1000B1293 /* EssentialFeedCacheIntegration.xctestplan */,
				BB0E1C402B4449140031DA09 /* EssentialFeediOS.xctestplan */,
				BB0E1C412B444E520031DA09 /* EssentialFeediOSEndToEnd.xctestplan */,
			);
			path = "Test plans";
			sourceTree = "<group>";
		};
		BBC5FB332B447537000A8612 /* Frameworks */ = {
			isa = PBXGroup;
			children = (
			);
			name = Frameworks;
			sourceTree = "<group>";
		};
		BBE21D052B2A2FA800552177 /* Feed API */ = {
			isa = PBXGroup;
			children = (
				BBE21D062B2A2FB700552177 /* RemoteFeedLoader.swift */,
				BB24A1502B322A3E00251E48 /* RemoteFeedItem.swift */,
				BB7F39242B2CE8BE00BB37BE /* FeedItemsMapper.swift */,
				BB284A062B2E608500E0CBD7 /* URLSessionHTTPClient.swift */,
				BB7F39222B2CE84400BB37BE /* HTTPClient.swift */,
			);
			path = "Feed API";
			sourceTree = "<group>";
		};
		BBF422292B335CD100CBC959 /* Helpers */ = {
			isa = PBXGroup;
			children = (
				BBF422272B335CCB00CBC959 /* FeedStoreSpy.swift */,
				BB5443662B34BE4500705CF2 /* FeedCacheTestHelpers.swift */,
				BB1ADD5A2B40A79F00D67CD9 /* NSEntityDescription+Assertions.swift */,
			);
			path = Helpers;
			sourceTree = "<group>";
		};
/* End PBXGroup section */

/* Begin PBXHeadersBuildPhase section */
		BB0E1C262B44488F0031DA09 /* Headers */ = {
			isa = PBXHeadersBuildPhase;
			buildActionMask = 2147483647;
			files = (
				BB0E1C392B4448910031DA09 /* EssentialFeediOS.h in Headers */,
			);
			runOnlyForDeploymentPostprocessing = 0;
		};
		BB5CA5D82B28EA7900AF0D66 /* Headers */ = {
			isa = PBXHeadersBuildPhase;
			buildActionMask = 2147483647;
			files = (
				BB5CA5EC2B28EA7900AF0D66 /* EssentialFeed.h in Headers */,
			);
			runOnlyForDeploymentPostprocessing = 0;
		};
/* End PBXHeadersBuildPhase section */

/* Begin PBXNativeTarget section */
		BB0E1C2A2B44488F0031DA09 /* EssentialFeediOS */ = {
			isa = PBXNativeTarget;
			buildConfigurationList = BB0E1C3A2B4448910031DA09 /* Build configuration list for PBXNativeTarget "EssentialFeediOS" */;
			buildPhases = (
				BB0E1C262B44488F0031DA09 /* Headers */,
				BB0E1C272B44488F0031DA09 /* Sources */,
				BB0E1C282B44488F0031DA09 /* Frameworks */,
				BB0E1C292B44488F0031DA09 /* Resources */,
				BBC5FB382B447537000A8612 /* Embed Frameworks */,
			);
			buildRules = (
			);
			dependencies = (
				BBC5FB372B447537000A8612 /* PBXTargetDependency */,
			);
			name = EssentialFeediOS;
			productName = EssentialFeediOS;
			productReference = BB0E1C2B2B44488F0031DA09 /* EssentialFeediOS.framework */;
			productType = "com.apple.product-type.framework";
		};
		BB0E1C312B4448900031DA09 /* EssentialFeediOSTests */ = {
			isa = PBXNativeTarget;
			buildConfigurationList = BB0E1C3D2B4448910031DA09 /* Build configuration list for PBXNativeTarget "EssentialFeediOSTests" */;
			buildPhases = (
				BB0E1C2E2B4448900031DA09 /* Sources */,
				BB0E1C2F2B4448900031DA09 /* Frameworks */,
				BB0E1C302B4448900031DA09 /* Resources */,
			);
			buildRules = (
			);
			dependencies = (
				BB0E1C352B4448900031DA09 /* PBXTargetDependency */,
			);
			name = EssentialFeediOSTests;
			productName = EssentialFeediOSTests;
			productReference = BB0E1C322B4448900031DA09 /* EssentialFeediOSTests.xctest */;
			productType = "com.apple.product-type.bundle.unit-test";
		};
		BB4A9D522B2F269A0049D178 /* EssentialFeedAPIEndToEndTests */ = {
			isa = PBXNativeTarget;
			buildConfigurationList = BB4A9D5C2B2F269A0049D178 /* Build configuration list for PBXNativeTarget "EssentialFeedAPIEndToEndTests" */;
			buildPhases = (
				BB4A9D4F2B2F269A0049D178 /* Sources */,
				BB4A9D502B2F269A0049D178 /* Frameworks */,
				BB4A9D512B2F269A0049D178 /* Resources */,
			);
			buildRules = (
			);
			dependencies = (
				BB4A9D592B2F269A0049D178 /* PBXTargetDependency */,
			);
			name = EssentialFeedAPIEndToEndTests;
			productName = EssentialFeedAPIEndToEndTests;
			productReference = BB4A9D532B2F269A0049D178 /* EssentialFeedAPIEndToEndTests.xctest */;
			productType = "com.apple.product-type.bundle.unit-test";
		};
		BB5CA5DC2B28EA7900AF0D66 /* EssentialFeed */ = {
			isa = PBXNativeTarget;
			buildConfigurationList = BB5CA5EF2B28EA7900AF0D66 /* Build configuration list for PBXNativeTarget "EssentialFeed" */;
			buildPhases = (
				BB2849F02B2E185500E0CBD7 /* .swiftlint */,
				BB5CA5D82B28EA7900AF0D66 /* Headers */,
				BB5CA5D92B28EA7900AF0D66 /* Sources */,
				BB5CA5DA2B28EA7900AF0D66 /* Frameworks */,
				BB5CA5DB2B28EA7900AF0D66 /* Resources */,
			);
			buildRules = (
			);
			dependencies = (
			);
			name = EssentialFeed;
			productName = EssentialFeed;
			productReference = BB5CA5DD2B28EA7900AF0D66 /* EssentialFeed.framework */;
			productType = "com.apple.product-type.framework";
		};
		BB5CA5E42B28EA7900AF0D66 /* EssentialFeedTests */ = {
			isa = PBXNativeTarget;
			buildConfigurationList = BB5CA5F22B28EA7900AF0D66 /* Build configuration list for PBXNativeTarget "EssentialFeedTests" */;
			buildPhases = (
				BB5CA5E12B28EA7900AF0D66 /* Sources */,
				BB5CA5E22B28EA7900AF0D66 /* Frameworks */,
				BB5CA5E32B28EA7900AF0D66 /* Resources */,
			);
			buildRules = (
			);
			dependencies = (
				BB5CA5E82B28EA7900AF0D66 /* PBXTargetDependency */,
			);
			name = EssentialFeedTests;
			productName = EssentialFeedTests;
			productReference = BB5CA5E52B28EA7900AF0D66 /* EssentialFeedTests.xctest */;
			productType = "com.apple.product-type.bundle.unit-test";
		};
		BB7DFFC52B3A0196000B1293 /* EssentialFeedCacheIntegrationTests */ = {
			isa = PBXNativeTarget;
			buildConfigurationList = BB7DFFCD2B3A0196000B1293 /* Build configuration list for PBXNativeTarget "EssentialFeedCacheIntegrationTests" */;
			buildPhases = (
				BB7DFFC22B3A0196000B1293 /* Sources */,
				BB7DFFC32B3A0196000B1293 /* Frameworks */,
				BB7DFFC42B3A0196000B1293 /* Resources */,
			);
			buildRules = (
			);
			dependencies = (
				BB7DFFCC2B3A0196000B1293 /* PBXTargetDependency */,
			);
			name = EssentialFeedCacheIntegrationTests;
			productName = EssentialFeedCacheIntegrationTests;
			productReference = BB7DFFC62B3A0196000B1293 /* EssentialFeedCacheIntegrationTests.xctest */;
			productType = "com.apple.product-type.bundle.unit-test";
		};
/* End PBXNativeTarget section */

/* Begin PBXProject section */
		BB5CA5D42B28EA7900AF0D66 /* Project object */ = {
			isa = PBXProject;
			attributes = {
				BuildIndependentTargetsInParallel = 1;
				LastSwiftUpdateCheck = 1500;
				LastUpgradeCheck = 1500;
				TargetAttributes = {
					BB0E1C2A2B44488F0031DA09 = {
						CreatedOnToolsVersion = 15.0.1;
						LastSwiftMigration = 1500;
					};
					BB0E1C312B4448900031DA09 = {
						CreatedOnToolsVersion = 15.0.1;
					};
					BB4A9D522B2F269A0049D178 = {
						CreatedOnToolsVersion = 15.0.1;
					};
					BB5CA5DC2B28EA7900AF0D66 = {
						CreatedOnToolsVersion = 15.0.1;
						LastSwiftMigration = 1500;
					};
					BB5CA5E42B28EA7900AF0D66 = {
						CreatedOnToolsVersion = 15.0.1;
					};
					BB7DFFC52B3A0196000B1293 = {
						CreatedOnToolsVersion = 15.0.1;
					};
				};
			};
			buildConfigurationList = BB5CA5D72B28EA7900AF0D66 /* Build configuration list for PBXProject "EssentialFeed" */;
			compatibilityVersion = "Xcode 14.0";
			developmentRegion = en;
			hasScannedForEncodings = 0;
			knownRegions = (
				en,
				Base,
			);
			mainGroup = BB5CA5D32B28EA7900AF0D66;
			productRefGroup = BB5CA5DE2B28EA7900AF0D66 /* Products */;
			projectDirPath = "";
			projectRoot = "";
			targets = (
				BB5CA5DC2B28EA7900AF0D66 /* EssentialFeed */,
				BB5CA5E42B28EA7900AF0D66 /* EssentialFeedTests */,
				BB4A9D522B2F269A0049D178 /* EssentialFeedAPIEndToEndTests */,
				BB7DFFC52B3A0196000B1293 /* EssentialFeedCacheIntegrationTests */,
				BB0E1C2A2B44488F0031DA09 /* EssentialFeediOS */,
				BB0E1C312B4448900031DA09 /* EssentialFeediOSTests */,
			);
		};
/* End PBXProject section */

/* Begin PBXResourcesBuildPhase section */
		BB0E1C292B44488F0031DA09 /* Resources */ = {
			isa = PBXResourcesBuildPhase;
			buildActionMask = 2147483647;
			files = (
			);
			runOnlyForDeploymentPostprocessing = 0;
		};
		BB0E1C302B4448900031DA09 /* Resources */ = {
			isa = PBXResourcesBuildPhase;
			buildActionMask = 2147483647;
			files = (
			);
			runOnlyForDeploymentPostprocessing = 0;
		};
		BB4A9D512B2F269A0049D178 /* Resources */ = {
			isa = PBXResourcesBuildPhase;
			buildActionMask = 2147483647;
			files = (
			);
			runOnlyForDeploymentPostprocessing = 0;
		};
		BB5CA5DB2B28EA7900AF0D66 /* Resources */ = {
			isa = PBXResourcesBuildPhase;
			buildActionMask = 2147483647;
			files = (
				BB2849F82B2E19E000E0CBD7 /* .swiftlint.yml in Resources */,
			);
			runOnlyForDeploymentPostprocessing = 0;
		};
		BB5CA5E32B28EA7900AF0D66 /* Resources */ = {
			isa = PBXResourcesBuildPhase;
			buildActionMask = 2147483647;
			files = (
				BB2849F92B2E19E000E0CBD7 /* .swiftlint.yml in Resources */,
			);
			runOnlyForDeploymentPostprocessing = 0;
		};
		BB7DFFC42B3A0196000B1293 /* Resources */ = {
			isa = PBXResourcesBuildPhase;
			buildActionMask = 2147483647;
			files = (
			);
			runOnlyForDeploymentPostprocessing = 0;
		};
/* End PBXResourcesBuildPhase section */

/* Begin PBXShellScriptBuildPhase section */
		BB2849F02B2E185500E0CBD7 /* .swiftlint */ = {
			isa = PBXShellScriptBuildPhase;
			alwaysOutOfDate = 1;
			buildActionMask = 2147483647;
			files = (
			);
			inputFileListPaths = (
			);
			inputPaths = (
			);
			name = .swiftlint;
			outputFileListPaths = (
			);
			outputPaths = (
			);
			runOnlyForDeploymentPostprocessing = 0;
			shellPath = /bin/sh;
			shellScript = "export PATH=\"$PATH:/opt/homebrew/bin\"\n\nif which swiftlint >/dev/null; then\n  swiftlint autocorrect --format\nelse\n  echo \"warning: SwiftLint not installed, download from https://github.com/realm/SwiftLint\"\nfi\n";
		};
/* End PBXShellScriptBuildPhase section */

/* Begin PBXSourcesBuildPhase section */
		BB0E1C272B44488F0031DA09 /* Sources */ = {
			isa = PBXSourcesBuildPhase;
			buildActionMask = 2147483647;
			files = (
				BB17686F2B49A03600FEDA3F /* FeedImageDataLoader.swift in Sources */,
				BB1768862B49C26400FEDA3F /* FeedRefreshViewController.swift in Sources */,
				BB0F2BD72B47458100EF301F /* UIView+Shimmering.swift in Sources */,
				BBC5FB3A2B4488D2000A8612 /* FeedViewController.swift in Sources */,
				BBC9002B2B45E23900E441FF /* FeedImageCell.swift in Sources */,
				BB1768882B49C53A00FEDA3F /* FeedImageCellController.swift in Sources */,
				BB17688E2B4AE30700FEDA3F /* FeedViewModel.swift in Sources */,
				BB17688B2B49D10D00FEDA3F /* FeedUIComposer.swift in Sources */,
			);
			runOnlyForDeploymentPostprocessing = 0;
		};
		BB0E1C2E2B4448900031DA09 /* Sources */ = {
			isa = PBXSourcesBuildPhase;
			buildActionMask = 2147483647;
			files = (
				BB17687E2B49A45400FEDA3F /* FeedViewController+Extensions.swift in Sources */,
				BB0E1C382B4448910031DA09 /* FeedViewControllerTests.swift in Sources */,
				BB17687B2B49A23000FEDA3F /* UIImage+Make.swift in Sources */,
				BBC5FB322B44630D000A8612 /* XCTestCase+MemoryLeakTracking.swift in Sources */,
				BBC900292B45DF5400E441FF /* SharedTestHelpers.swift in Sources */,
				BB1768802B49A47F00FEDA3F /* FeedImageCell+Extensions.swift in Sources */,
				BB1768822B49A56500FEDA3F /* FeedViewControllerTests+LoaderSpy.swift in Sources */,
				BB1768792B49A14700FEDA3F /* UIKit+Simulations.swift in Sources */,
				BB1768842B49A60D00FEDA3F /* FeedViewControllerTests+CustomAssertions.swift in Sources */,
			);
			runOnlyForDeploymentPostprocessing = 0;
		};
		BB4A9D4F2B2F269A0049D178 /* Sources */ = {
			isa = PBXSourcesBuildPhase;
			buildActionMask = 2147483647;
			files = (
				BB4A9D562B2F269A0049D178 /* EssentialFeedAPIEndToEndTests.swift in Sources */,
				BB4A9D5D2B2F2BAB0049D178 /* XCTestCase+MemoryLeakTracking.swift in Sources */,
				BB4A9D5E2B2F2BAD0049D178 /* XCTestCase+ErrorComparison.swift in Sources */,
			);
			runOnlyForDeploymentPostprocessing = 0;
		};
		BB5CA5D92B28EA7900AF0D66 /* Sources */ = {
			isa = PBXSourcesBuildPhase;
			buildActionMask = 2147483647;
			files = (
				BB7DFFBD2B39C812000B1293 /* CoreDataHelpers.swift in Sources */,
				BB7F39252B2CE8BE00BB37BE /* FeedItemsMapper.swift in Sources */,
				BB5CA5F92B28F44100AF0D66 /* FeedLoader.swift in Sources */,
				BBE21D072B2A2FB700552177 /* RemoteFeedLoader.swift in Sources */,
				BB24A1512B322A3E00251E48 /* RemoteFeedItem.swift in Sources */,
				BB7DFFBF2B39C8C1000B1293 /* ManagedFeedImage.swift in Sources */,
				BB24A14D2B321C0A00251E48 /* FeedStore.swift in Sources */,
				BB7DFFB82B39AADA000B1293 /* FeedStore.xcdatamodeld in Sources */,
				BBBF169A2B3607FC006275E0 /* FeedCachePrivacy.swift in Sources */,
				BB7DFFC12B39C8F6000B1293 /* ManagedCache.swift in Sources */,
				BB24A14F2B32243500251E48 /* LocalFeedImage.swift in Sources */,
				BB24A14B2B321B5F00251E48 /* LocalFeedLoader.swift in Sources */,
				BB7F39232B2CE84400BB37BE /* HTTPClient.swift in Sources */,
				BB5CA5F72B28F41400AF0D66 /* FeedImage.swift in Sources */,
				BB284A072B2E608500E0CBD7 /* URLSessionHTTPClient.swift in Sources */,
				BB7DFFB52B39A0E6000B1293 /* CoreDataFeedStore.swift in Sources */,
			);
			runOnlyForDeploymentPostprocessing = 0;
		};
		BB5CA5E12B28EA7900AF0D66 /* Sources */ = {
			isa = PBXSourcesBuildPhase;
			buildActionMask = 2147483647;
			files = (
				BBBF16A22B38ADF0006275E0 /* XCTestCase+FeedStoreSpecs.swift in Sources */,
				BB284A052B2E4D7C00E0CBD7 /* XCTestCase+ErrorComparison.swift in Sources */,
				BB1ADD5B2B40A79F00D67CD9 /* NSEntityDescription+Assertions.swift in Sources */,
				BB7DFFB32B39A04D000B1293 /* CoreDataFeedStoreTests.swift in Sources */,
				BB5CA5EB2B28EA7900AF0D66 /* LoadFeedFromRemoteUseCaseTests.swift in Sources */,
				BB5443692B34BFC800705CF2 /* SharedTestHelpers.swift in Sources */,
				BB2849FE2B2E1EA400E0CBD7 /* URLSessionHTTPClientTests.swift in Sources */,
				BB7DFFAC2B399C0F000B1293 /* XCTestCase+FailableRetrieveFeedStoreSpecs.swift in Sources */,
				BB4A9D6D2B30BFEF0049D178 /* CacheFeedUseCaseTests.swift in Sources */,
				BB5443672B34BE4500705CF2 /* FeedCacheTestHelpers.swift in Sources */,
				BB5443652B34B88700705CF2 /* ValidateFeedCacheUseCaseTests.swift in Sources */,
				BB7DFFB02B399E9B000B1293 /* XCTestCase+FailableDeleteFeedStoreSpecs.swift in Sources */,
				BBF422282B335CCB00CBC959 /* FeedStoreSpy.swift in Sources */,
				BBF422262B335AFF00CBC959 /* LoadFeedFromCacheUseCaseTests.swift in Sources */,
				BB7DFFAE2B399D75000B1293 /* XCTestCase+FailableInsertFeedStoreSpecs.swift in Sources */,
				BBBF16A02B38AD53006275E0 /* FeedStoreSpecs.swift in Sources */,
				BB284A022B2E491D00E0CBD7 /* XCTestCase+MemoryLeakTracking.swift in Sources */,
			);
			runOnlyForDeploymentPostprocessing = 0;
		};
		BB7DFFC22B3A0196000B1293 /* Sources */ = {
			isa = PBXSourcesBuildPhase;
			buildActionMask = 2147483647;
			files = (
				BB7DFFD32B3A08BB000B1293 /* SharedTestHelpers.swift in Sources */,
				BB7DFFC92B3A0196000B1293 /* EssentialFeedCacheIntegrationTests.swift in Sources */,
				BB7DFFD22B3A079E000B1293 /* FeedCacheTestHelpers.swift in Sources */,
				BB7DFFD12B3A0450000B1293 /* XCTestCase+MemoryLeakTracking.swift in Sources */,
			);
			runOnlyForDeploymentPostprocessing = 0;
		};
/* End PBXSourcesBuildPhase section */

/* Begin PBXTargetDependency section */
		BB0E1C352B4448900031DA09 /* PBXTargetDependency */ = {
			isa = PBXTargetDependency;
			target = BB0E1C2A2B44488F0031DA09 /* EssentialFeediOS */;
			targetProxy = BB0E1C342B4448900031DA09 /* PBXContainerItemProxy */;
		};
		BB4A9D592B2F269A0049D178 /* PBXTargetDependency */ = {
			isa = PBXTargetDependency;
			target = BB5CA5DC2B28EA7900AF0D66 /* EssentialFeed */;
			targetProxy = BB4A9D582B2F269A0049D178 /* PBXContainerItemProxy */;
		};
		BB5CA5E82B28EA7900AF0D66 /* PBXTargetDependency */ = {
			isa = PBXTargetDependency;
			target = BB5CA5DC2B28EA7900AF0D66 /* EssentialFeed */;
			targetProxy = BB5CA5E72B28EA7900AF0D66 /* PBXContainerItemProxy */;
		};
		BB7DFFCC2B3A0196000B1293 /* PBXTargetDependency */ = {
			isa = PBXTargetDependency;
			target = BB5CA5DC2B28EA7900AF0D66 /* EssentialFeed */;
			targetProxy = BB7DFFCB2B3A0196000B1293 /* PBXContainerItemProxy */;
		};
		BBC5FB372B447537000A8612 /* PBXTargetDependency */ = {
			isa = PBXTargetDependency;
			platformFilter = ios;
			target = BB5CA5DC2B28EA7900AF0D66 /* EssentialFeed */;
			targetProxy = BBC5FB362B447537000A8612 /* PBXContainerItemProxy */;
		};
/* End PBXTargetDependency section */

/* Begin XCBuildConfiguration section */
		BB0E1C3B2B4448910031DA09 /* Debug */ = {
			isa = XCBuildConfiguration;
			buildSettings = {
				CLANG_ENABLE_MODULES = YES;
				CODE_SIGN_STYLE = Automatic;
				CURRENT_PROJECT_VERSION = 1;
				DEFINES_MODULE = YES;
				DEVELOPMENT_TEAM = KN3UG3D7KC;
				DYLIB_COMPATIBILITY_VERSION = 1;
				DYLIB_CURRENT_VERSION = 1;
				DYLIB_INSTALL_NAME_BASE = "@rpath";
				ENABLE_MODULE_VERIFIER = YES;
				GENERATE_INFOPLIST_FILE = YES;
				INFOPLIST_KEY_NSHumanReadableCopyright = "";
				INSTALL_PATH = "$(LOCAL_LIBRARY_DIR)/Frameworks";
				IPHONEOS_DEPLOYMENT_TARGET = 17.0;
				LD_RUNPATH_SEARCH_PATHS = (
					"$(inherited)",
					"@executable_path/Frameworks",
					"@loader_path/Frameworks",
				);
				MARKETING_VERSION = 1.0;
				MODULE_VERIFIER_SUPPORTED_LANGUAGES = "objective-c objective-c++";
				MODULE_VERIFIER_SUPPORTED_LANGUAGE_STANDARDS = "gnu17 gnu++20";
				PRODUCT_BUNDLE_IDENTIFIER = com.essentialdeveloper.EssentialFeediOS;
				PRODUCT_NAME = "$(TARGET_NAME:c99extidentifier)";
				SDKROOT = iphoneos;
				SKIP_INSTALL = YES;
				SWIFT_EMIT_LOC_STRINGS = YES;
				SWIFT_OPTIMIZATION_LEVEL = "-Onone";
				SWIFT_VERSION = 5.0;
				TARGETED_DEVICE_FAMILY = "1,2";
			};
			name = Debug;
		};
		BB0E1C3C2B4448910031DA09 /* Release */ = {
			isa = XCBuildConfiguration;
			buildSettings = {
				CLANG_ENABLE_MODULES = YES;
				CODE_SIGN_STYLE = Automatic;
				CURRENT_PROJECT_VERSION = 1;
				DEFINES_MODULE = YES;
				DEVELOPMENT_TEAM = KN3UG3D7KC;
				DYLIB_COMPATIBILITY_VERSION = 1;
				DYLIB_CURRENT_VERSION = 1;
				DYLIB_INSTALL_NAME_BASE = "@rpath";
				ENABLE_MODULE_VERIFIER = YES;
				GENERATE_INFOPLIST_FILE = YES;
				INFOPLIST_KEY_NSHumanReadableCopyright = "";
				INSTALL_PATH = "$(LOCAL_LIBRARY_DIR)/Frameworks";
				IPHONEOS_DEPLOYMENT_TARGET = 17.0;
				LD_RUNPATH_SEARCH_PATHS = (
					"$(inherited)",
					"@executable_path/Frameworks",
					"@loader_path/Frameworks",
				);
				MARKETING_VERSION = 1.0;
				MODULE_VERIFIER_SUPPORTED_LANGUAGES = "objective-c objective-c++";
				MODULE_VERIFIER_SUPPORTED_LANGUAGE_STANDARDS = "gnu17 gnu++20";
				PRODUCT_BUNDLE_IDENTIFIER = com.essentialdeveloper.EssentialFeediOS;
				PRODUCT_NAME = "$(TARGET_NAME:c99extidentifier)";
				SDKROOT = iphoneos;
				SKIP_INSTALL = YES;
				SWIFT_EMIT_LOC_STRINGS = YES;
				SWIFT_VERSION = 5.0;
				TARGETED_DEVICE_FAMILY = "1,2";
				VALIDATE_PRODUCT = YES;
			};
			name = Release;
		};
		BB0E1C3E2B4448910031DA09 /* Debug */ = {
			isa = XCBuildConfiguration;
			buildSettings = {
				ALWAYS_EMBED_SWIFT_STANDARD_LIBRARIES = YES;
				CODE_SIGN_STYLE = Automatic;
				CURRENT_PROJECT_VERSION = 1;
				DEVELOPMENT_TEAM = KN3UG3D7KC;
				GENERATE_INFOPLIST_FILE = YES;
				IPHONEOS_DEPLOYMENT_TARGET = 17.0;
				MARKETING_VERSION = 1.0;
				PRODUCT_BUNDLE_IDENTIFIER = com.essentialdeveloper.EssentialFeediOSTests;
				PRODUCT_NAME = "$(TARGET_NAME)";
				SDKROOT = iphoneos;
				SWIFT_EMIT_LOC_STRINGS = NO;
				SWIFT_VERSION = 5.0;
				TARGETED_DEVICE_FAMILY = "1,2";
			};
			name = Debug;
		};
		BB0E1C3F2B4448910031DA09 /* Release */ = {
			isa = XCBuildConfiguration;
			buildSettings = {
				ALWAYS_EMBED_SWIFT_STANDARD_LIBRARIES = YES;
				CODE_SIGN_STYLE = Automatic;
				CURRENT_PROJECT_VERSION = 1;
				DEVELOPMENT_TEAM = KN3UG3D7KC;
				GENERATE_INFOPLIST_FILE = YES;
				IPHONEOS_DEPLOYMENT_TARGET = 17.0;
				MARKETING_VERSION = 1.0;
				PRODUCT_BUNDLE_IDENTIFIER = com.essentialdeveloper.EssentialFeediOSTests;
				PRODUCT_NAME = "$(TARGET_NAME)";
				SDKROOT = iphoneos;
				SWIFT_EMIT_LOC_STRINGS = NO;
				SWIFT_VERSION = 5.0;
				TARGETED_DEVICE_FAMILY = "1,2";
				VALIDATE_PRODUCT = YES;
			};
			name = Release;
		};
		BB4A9D5A2B2F269A0049D178 /* Debug */ = {
			isa = XCBuildConfiguration;
			buildSettings = {
				CODE_SIGN_STYLE = Automatic;
				CURRENT_PROJECT_VERSION = 1;
				DEVELOPMENT_TEAM = KN3UG3D7KC;
				GENERATE_INFOPLIST_FILE = YES;
				MACOSX_DEPLOYMENT_TARGET = 12.4;
				MARKETING_VERSION = 1.0;
				PRODUCT_BUNDLE_IDENTIFIER = com.essentialdeveloper.EssentialFeedAPIEndToEndTests;
				PRODUCT_NAME = "$(TARGET_NAME)";
				SUPPORTED_PLATFORMS = "macosx iphoneos iphonesimulator";
				SWIFT_EMIT_LOC_STRINGS = NO;
				SWIFT_VERSION = 5.0;
			};
			name = Debug;
		};
		BB4A9D5B2B2F269A0049D178 /* Release */ = {
			isa = XCBuildConfiguration;
			buildSettings = {
				CODE_SIGN_STYLE = Automatic;
				CURRENT_PROJECT_VERSION = 1;
				DEVELOPMENT_TEAM = KN3UG3D7KC;
				GENERATE_INFOPLIST_FILE = YES;
				MACOSX_DEPLOYMENT_TARGET = 12.4;
				MARKETING_VERSION = 1.0;
				PRODUCT_BUNDLE_IDENTIFIER = com.essentialdeveloper.EssentialFeedAPIEndToEndTests;
				PRODUCT_NAME = "$(TARGET_NAME)";
				SUPPORTED_PLATFORMS = "macosx iphoneos iphonesimulator";
				SWIFT_EMIT_LOC_STRINGS = NO;
				SWIFT_VERSION = 5.0;
			};
			name = Release;
		};
		BB5CA5ED2B28EA7900AF0D66 /* Debug */ = {
			isa = XCBuildConfiguration;
			buildSettings = {
				ALWAYS_SEARCH_USER_PATHS = NO;
				ASSETCATALOG_COMPILER_GENERATE_SWIFT_ASSET_SYMBOL_EXTENSIONS = YES;
				CLANG_ANALYZER_NONNULL = YES;
				CLANG_ANALYZER_NUMBER_OBJECT_CONVERSION = YES_AGGRESSIVE;
				CLANG_CXX_LANGUAGE_STANDARD = "gnu++20";
				CLANG_ENABLE_MODULES = YES;
				CLANG_ENABLE_OBJC_ARC = YES;
				CLANG_ENABLE_OBJC_WEAK = YES;
				CLANG_WARN_BLOCK_CAPTURE_AUTORELEASING = YES;
				CLANG_WARN_BOOL_CONVERSION = YES;
				CLANG_WARN_COMMA = YES;
				CLANG_WARN_CONSTANT_CONVERSION = YES;
				CLANG_WARN_DEPRECATED_OBJC_IMPLEMENTATIONS = YES;
				CLANG_WARN_DIRECT_OBJC_ISA_USAGE = YES_ERROR;
				CLANG_WARN_DOCUMENTATION_COMMENTS = YES;
				CLANG_WARN_EMPTY_BODY = YES;
				CLANG_WARN_ENUM_CONVERSION = YES;
				CLANG_WARN_INFINITE_RECURSION = YES;
				CLANG_WARN_INT_CONVERSION = YES;
				CLANG_WARN_NON_LITERAL_NULL_CONVERSION = YES;
				CLANG_WARN_OBJC_IMPLICIT_RETAIN_SELF = YES;
				CLANG_WARN_OBJC_LITERAL_CONVERSION = YES;
				CLANG_WARN_OBJC_ROOT_CLASS = YES_ERROR;
				CLANG_WARN_QUOTED_INCLUDE_IN_FRAMEWORK_HEADER = YES;
				CLANG_WARN_RANGE_LOOP_ANALYSIS = YES;
				CLANG_WARN_STRICT_PROTOTYPES = YES;
				CLANG_WARN_SUSPICIOUS_MOVE = YES;
				CLANG_WARN_UNGUARDED_AVAILABILITY = YES_AGGRESSIVE;
				CLANG_WARN_UNREACHABLE_CODE = YES;
				CLANG_WARN__DUPLICATE_METHOD_MATCH = YES;
				COPY_PHASE_STRIP = NO;
				CURRENT_PROJECT_VERSION = 1;
				DEBUG_INFORMATION_FORMAT = dwarf;
				ENABLE_STRICT_OBJC_MSGSEND = YES;
				ENABLE_TESTABILITY = YES;
				ENABLE_USER_SCRIPT_SANDBOXING = YES;
				GCC_C_LANGUAGE_STANDARD = gnu17;
				GCC_DYNAMIC_NO_PIC = NO;
				GCC_NO_COMMON_BLOCKS = YES;
				GCC_OPTIMIZATION_LEVEL = 0;
				GCC_PREPROCESSOR_DEFINITIONS = (
					"DEBUG=1",
					"$(inherited)",
				);
				GCC_WARN_64_TO_32_BIT_CONVERSION = YES;
				GCC_WARN_ABOUT_RETURN_TYPE = YES_ERROR;
				GCC_WARN_UNDECLARED_SELECTOR = YES;
				GCC_WARN_UNINITIALIZED_AUTOS = YES_AGGRESSIVE;
				GCC_WARN_UNUSED_FUNCTION = YES;
				GCC_WARN_UNUSED_VARIABLE = YES;
				LOCALIZATION_PREFERS_STRING_CATALOGS = YES;
				MACOSX_DEPLOYMENT_TARGET = 12.4;
				MTL_ENABLE_DEBUG_INFO = INCLUDE_SOURCE;
				MTL_FAST_MATH = YES;
				ONLY_ACTIVE_ARCH = YES;
				SDKROOT = macosx;
				SWIFT_ACTIVE_COMPILATION_CONDITIONS = "DEBUG $(inherited)";
				SWIFT_OPTIMIZATION_LEVEL = "-Onone";
				VERSIONING_SYSTEM = "apple-generic";
				VERSION_INFO_PREFIX = "";
			};
			name = Debug;
		};
		BB5CA5EE2B28EA7900AF0D66 /* Release */ = {
			isa = XCBuildConfiguration;
			buildSettings = {
				ALWAYS_SEARCH_USER_PATHS = NO;
				ASSETCATALOG_COMPILER_GENERATE_SWIFT_ASSET_SYMBOL_EXTENSIONS = YES;
				CLANG_ANALYZER_NONNULL = YES;
				CLANG_ANALYZER_NUMBER_OBJECT_CONVERSION = YES_AGGRESSIVE;
				CLANG_CXX_LANGUAGE_STANDARD = "gnu++20";
				CLANG_ENABLE_MODULES = YES;
				CLANG_ENABLE_OBJC_ARC = YES;
				CLANG_ENABLE_OBJC_WEAK = YES;
				CLANG_WARN_BLOCK_CAPTURE_AUTORELEASING = YES;
				CLANG_WARN_BOOL_CONVERSION = YES;
				CLANG_WARN_COMMA = YES;
				CLANG_WARN_CONSTANT_CONVERSION = YES;
				CLANG_WARN_DEPRECATED_OBJC_IMPLEMENTATIONS = YES;
				CLANG_WARN_DIRECT_OBJC_ISA_USAGE = YES_ERROR;
				CLANG_WARN_DOCUMENTATION_COMMENTS = YES;
				CLANG_WARN_EMPTY_BODY = YES;
				CLANG_WARN_ENUM_CONVERSION = YES;
				CLANG_WARN_INFINITE_RECURSION = YES;
				CLANG_WARN_INT_CONVERSION = YES;
				CLANG_WARN_NON_LITERAL_NULL_CONVERSION = YES;
				CLANG_WARN_OBJC_IMPLICIT_RETAIN_SELF = YES;
				CLANG_WARN_OBJC_LITERAL_CONVERSION = YES;
				CLANG_WARN_OBJC_ROOT_CLASS = YES_ERROR;
				CLANG_WARN_QUOTED_INCLUDE_IN_FRAMEWORK_HEADER = YES;
				CLANG_WARN_RANGE_LOOP_ANALYSIS = YES;
				CLANG_WARN_STRICT_PROTOTYPES = YES;
				CLANG_WARN_SUSPICIOUS_MOVE = YES;
				CLANG_WARN_UNGUARDED_AVAILABILITY = YES_AGGRESSIVE;
				CLANG_WARN_UNREACHABLE_CODE = YES;
				CLANG_WARN__DUPLICATE_METHOD_MATCH = YES;
				COPY_PHASE_STRIP = NO;
				CURRENT_PROJECT_VERSION = 1;
				DEBUG_INFORMATION_FORMAT = "dwarf-with-dsym";
				ENABLE_NS_ASSERTIONS = NO;
				ENABLE_STRICT_OBJC_MSGSEND = YES;
				ENABLE_USER_SCRIPT_SANDBOXING = YES;
				GCC_C_LANGUAGE_STANDARD = gnu17;
				GCC_NO_COMMON_BLOCKS = YES;
				GCC_WARN_64_TO_32_BIT_CONVERSION = YES;
				GCC_WARN_ABOUT_RETURN_TYPE = YES_ERROR;
				GCC_WARN_UNDECLARED_SELECTOR = YES;
				GCC_WARN_UNINITIALIZED_AUTOS = YES_AGGRESSIVE;
				GCC_WARN_UNUSED_FUNCTION = YES;
				GCC_WARN_UNUSED_VARIABLE = YES;
				LOCALIZATION_PREFERS_STRING_CATALOGS = YES;
				MACOSX_DEPLOYMENT_TARGET = 12.4;
				MTL_ENABLE_DEBUG_INFO = NO;
				MTL_FAST_MATH = YES;
				SDKROOT = macosx;
				SWIFT_COMPILATION_MODE = wholemodule;
				VERSIONING_SYSTEM = "apple-generic";
				VERSION_INFO_PREFIX = "";
			};
			name = Release;
		};
		BB5CA5F02B28EA7900AF0D66 /* Debug */ = {
			isa = XCBuildConfiguration;
			buildSettings = {
				CLANG_ENABLE_MODULES = YES;
				CODE_SIGN_STYLE = Automatic;
				COMBINE_HIDPI_IMAGES = YES;
				CURRENT_PROJECT_VERSION = 1;
				DEFINES_MODULE = YES;
				DEVELOPMENT_TEAM = KN3UG3D7KC;
				DYLIB_COMPATIBILITY_VERSION = 1;
				DYLIB_CURRENT_VERSION = 1;
				DYLIB_INSTALL_NAME_BASE = "@rpath";
				ENABLE_MODULE_VERIFIER = YES;
				ENABLE_USER_SCRIPT_SANDBOXING = NO;
				GENERATE_INFOPLIST_FILE = YES;
				INFOPLIST_KEY_NSHumanReadableCopyright = "";
				INSTALL_PATH = "$(LOCAL_LIBRARY_DIR)/Frameworks";
				LD_RUNPATH_SEARCH_PATHS = (
					"$(inherited)",
					"@executable_path/../Frameworks",
					"@loader_path/Frameworks",
				);
				MACOSX_DEPLOYMENT_TARGET = 12.4;
				MARKETING_VERSION = 1.0;
				MODULE_VERIFIER_SUPPORTED_LANGUAGES = "objective-c objective-c++";
				MODULE_VERIFIER_SUPPORTED_LANGUAGE_STANDARDS = "gnu17 gnu++20";
				PRODUCT_BUNDLE_IDENTIFIER = com.essentialdeveloper.EssentialFeed;
				PRODUCT_NAME = "$(TARGET_NAME:c99extidentifier)";
				SKIP_INSTALL = YES;
				SUPPORTED_PLATFORMS = "macosx iphonesimulator iphoneos";
				SWIFT_EMIT_LOC_STRINGS = YES;
				SWIFT_OPTIMIZATION_LEVEL = "-Onone";
				SWIFT_VERSION = 5.0;
			};
			name = Debug;
		};
		BB5CA5F12B28EA7900AF0D66 /* Release */ = {
			isa = XCBuildConfiguration;
			buildSettings = {
				CLANG_ENABLE_MODULES = YES;
				CODE_SIGN_STYLE = Automatic;
				COMBINE_HIDPI_IMAGES = YES;
				CURRENT_PROJECT_VERSION = 1;
				DEFINES_MODULE = YES;
				DEVELOPMENT_TEAM = KN3UG3D7KC;
				DYLIB_COMPATIBILITY_VERSION = 1;
				DYLIB_CURRENT_VERSION = 1;
				DYLIB_INSTALL_NAME_BASE = "@rpath";
				ENABLE_MODULE_VERIFIER = YES;
				ENABLE_USER_SCRIPT_SANDBOXING = NO;
				GENERATE_INFOPLIST_FILE = YES;
				INFOPLIST_KEY_NSHumanReadableCopyright = "";
				INSTALL_PATH = "$(LOCAL_LIBRARY_DIR)/Frameworks";
				LD_RUNPATH_SEARCH_PATHS = (
					"$(inherited)",
					"@executable_path/../Frameworks",
					"@loader_path/Frameworks",
				);
				MACOSX_DEPLOYMENT_TARGET = 12.4;
				MARKETING_VERSION = 1.0;
				MODULE_VERIFIER_SUPPORTED_LANGUAGES = "objective-c objective-c++";
				MODULE_VERIFIER_SUPPORTED_LANGUAGE_STANDARDS = "gnu17 gnu++20";
				PRODUCT_BUNDLE_IDENTIFIER = com.essentialdeveloper.EssentialFeed;
				PRODUCT_NAME = "$(TARGET_NAME:c99extidentifier)";
				SKIP_INSTALL = YES;
				SUPPORTED_PLATFORMS = "macosx iphonesimulator iphoneos";
				SWIFT_EMIT_LOC_STRINGS = YES;
				SWIFT_VERSION = 5.0;
			};
			name = Release;
		};
		BB5CA5F32B28EA7900AF0D66 /* Debug */ = {
			isa = XCBuildConfiguration;
			buildSettings = {
				ALWAYS_EMBED_SWIFT_STANDARD_LIBRARIES = YES;
				CODE_SIGN_STYLE = Automatic;
				CURRENT_PROJECT_VERSION = 1;
				DEVELOPMENT_TEAM = KN3UG3D7KC;
				ENABLE_USER_SCRIPT_SANDBOXING = NO;
				GENERATE_INFOPLIST_FILE = YES;
				MACOSX_DEPLOYMENT_TARGET = 12.4;
				MARKETING_VERSION = 1.0;
				PRODUCT_BUNDLE_IDENTIFIER = com.essentialdeveloper.EssentialFeedTests;
				PRODUCT_NAME = "$(TARGET_NAME)";
				SUPPORTED_PLATFORMS = "macosx iphoneos iphonesimulator";
				SWIFT_EMIT_LOC_STRINGS = NO;
				SWIFT_VERSION = 5.0;
			};
			name = Debug;
		};
		BB5CA5F42B28EA7900AF0D66 /* Release */ = {
			isa = XCBuildConfiguration;
			buildSettings = {
				ALWAYS_EMBED_SWIFT_STANDARD_LIBRARIES = YES;
				CODE_SIGN_STYLE = Automatic;
				CURRENT_PROJECT_VERSION = 1;
				DEVELOPMENT_TEAM = KN3UG3D7KC;
				ENABLE_USER_SCRIPT_SANDBOXING = NO;
				GENERATE_INFOPLIST_FILE = YES;
				MACOSX_DEPLOYMENT_TARGET = 12.4;
				MARKETING_VERSION = 1.0;
				PRODUCT_BUNDLE_IDENTIFIER = com.essentialdeveloper.EssentialFeedTests;
				PRODUCT_NAME = "$(TARGET_NAME)";
				SUPPORTED_PLATFORMS = "macosx iphoneos iphonesimulator";
				SWIFT_EMIT_LOC_STRINGS = NO;
				SWIFT_VERSION = 5.0;
			};
			name = Release;
		};
		BB7DFFCE2B3A0196000B1293 /* Debug */ = {
			isa = XCBuildConfiguration;
			buildSettings = {
				CODE_SIGN_STYLE = Automatic;
				CURRENT_PROJECT_VERSION = 1;
				DEVELOPMENT_TEAM = KN3UG3D7KC;
				GENERATE_INFOPLIST_FILE = YES;
				MACOSX_DEPLOYMENT_TARGET = 14.0;
				MARKETING_VERSION = 1.0;
				PRODUCT_BUNDLE_IDENTIFIER = com.essentialdeveloper.EssentialFeedCacheIntegrationTests;
				PRODUCT_NAME = "$(TARGET_NAME)";
				SUPPORTED_PLATFORMS = "macosx iphoneos iphonesimulator";
				SWIFT_EMIT_LOC_STRINGS = NO;
				SWIFT_VERSION = 5.0;
			};
			name = Debug;
		};
		BB7DFFCF2B3A0196000B1293 /* Release */ = {
			isa = XCBuildConfiguration;
			buildSettings = {
				CODE_SIGN_STYLE = Automatic;
				CURRENT_PROJECT_VERSION = 1;
				DEVELOPMENT_TEAM = KN3UG3D7KC;
				GENERATE_INFOPLIST_FILE = YES;
				MACOSX_DEPLOYMENT_TARGET = 14.0;
				MARKETING_VERSION = 1.0;
				PRODUCT_BUNDLE_IDENTIFIER = com.essentialdeveloper.EssentialFeedCacheIntegrationTests;
				PRODUCT_NAME = "$(TARGET_NAME)";
				SUPPORTED_PLATFORMS = "macosx iphoneos iphonesimulator";
				SWIFT_EMIT_LOC_STRINGS = NO;
				SWIFT_VERSION = 5.0;
			};
			name = Release;
		};
/* End XCBuildConfiguration section */

/* Begin XCConfigurationList section */
		BB0E1C3A2B4448910031DA09 /* Build configuration list for PBXNativeTarget "EssentialFeediOS" */ = {
			isa = XCConfigurationList;
			buildConfigurations = (
				BB0E1C3B2B4448910031DA09 /* Debug */,
				BB0E1C3C2B4448910031DA09 /* Release */,
			);
			defaultConfigurationIsVisible = 0;
			defaultConfigurationName = Release;
		};
		BB0E1C3D2B4448910031DA09 /* Build configuration list for PBXNativeTarget "EssentialFeediOSTests" */ = {
			isa = XCConfigurationList;
			buildConfigurations = (
				BB0E1C3E2B4448910031DA09 /* Debug */,
				BB0E1C3F2B4448910031DA09 /* Release */,
			);
			defaultConfigurationIsVisible = 0;
			defaultConfigurationName = Release;
		};
		BB4A9D5C2B2F269A0049D178 /* Build configuration list for PBXNativeTarget "EssentialFeedAPIEndToEndTests" */ = {
			isa = XCConfigurationList;
			buildConfigurations = (
				BB4A9D5A2B2F269A0049D178 /* Debug */,
				BB4A9D5B2B2F269A0049D178 /* Release */,
			);
			defaultConfigurationIsVisible = 0;
			defaultConfigurationName = Release;
		};
		BB5CA5D72B28EA7900AF0D66 /* Build configuration list for PBXProject "EssentialFeed" */ = {
			isa = XCConfigurationList;
			buildConfigurations = (
				BB5CA5ED2B28EA7900AF0D66 /* Debug */,
				BB5CA5EE2B28EA7900AF0D66 /* Release */,
			);
			defaultConfigurationIsVisible = 0;
			defaultConfigurationName = Release;
		};
		BB5CA5EF2B28EA7900AF0D66 /* Build configuration list for PBXNativeTarget "EssentialFeed" */ = {
			isa = XCConfigurationList;
			buildConfigurations = (
				BB5CA5F02B28EA7900AF0D66 /* Debug */,
				BB5CA5F12B28EA7900AF0D66 /* Release */,
			);
			defaultConfigurationIsVisible = 0;
			defaultConfigurationName = Release;
		};
		BB5CA5F22B28EA7900AF0D66 /* Build configuration list for PBXNativeTarget "EssentialFeedTests" */ = {
			isa = XCConfigurationList;
			buildConfigurations = (
				BB5CA5F32B28EA7900AF0D66 /* Debug */,
				BB5CA5F42B28EA7900AF0D66 /* Release */,
			);
			defaultConfigurationIsVisible = 0;
			defaultConfigurationName = Release;
		};
		BB7DFFCD2B3A0196000B1293 /* Build configuration list for PBXNativeTarget "EssentialFeedCacheIntegrationTests" */ = {
			isa = XCConfigurationList;
			buildConfigurations = (
				BB7DFFCE2B3A0196000B1293 /* Debug */,
				BB7DFFCF2B3A0196000B1293 /* Release */,
			);
			defaultConfigurationIsVisible = 0;
			defaultConfigurationName = Release;
		};
/* End XCConfigurationList section */

/* Begin XCVersionGroup section */
		BB7DFFB62B39AADA000B1293 /* FeedStore.xcdatamodeld */ = {
			isa = XCVersionGroup;
			children = (
				BB7DFFB72B39AADA000B1293 /* FeedStore.xcdatamodel */,
			);
			currentVersion = BB7DFFB72B39AADA000B1293 /* FeedStore.xcdatamodel */;
			path = FeedStore.xcdatamodeld;
			sourceTree = "<group>";
			versionGroupType = wrapper.xcdatamodel;
		};
/* End XCVersionGroup section */
	};
	rootObject = BB5CA5D42B28EA7900AF0D66 /* Project object */;
}
